// !$*UTF8*$!
{
	archiveVersion = 1;
	classes = {
	};
	objectVersion = 50;
	objects = {

/* Begin PBXBuildFile section */
		06266505217A66AD00F6E487 /* AppDelegate.swift in Sources */ = {isa = PBXBuildFile; fileRef = 06266504217A66AD00F6E487 /* AppDelegate.swift */; };
		06266507217A66AD00F6E487 /* ToDoListViewController.swift in Sources */ = {isa = PBXBuildFile; fileRef = 06266506217A66AD00F6E487 /* ToDoListViewController.swift */; };
		0626650A217A66AD00F6E487 /* Main.storyboard in Resources */ = {isa = PBXBuildFile; fileRef = 06266508217A66AD00F6E487 /* Main.storyboard */; };
		0626650C217A66AF00F6E487 /* Assets.xcassets in Resources */ = {isa = PBXBuildFile; fileRef = 0626650B217A66AF00F6E487 /* Assets.xcassets */; };
		0626650F217A66AF00F6E487 /* LaunchScreen.storyboard in Resources */ = {isa = PBXBuildFile; fileRef = 0626650D217A66AF00F6E487 /* LaunchScreen.storyboard */; };
		06A3A23A218F918B00633A3E /* CategoryViewController.swift in Sources */ = {isa = PBXBuildFile; fileRef = 06A3A239218F918B00633A3E /* CategoryViewController.swift */; };
		06A8349B218D65E30005DD34 /* DataModel.xcdatamodeld in Sources */ = {isa = PBXBuildFile; fileRef = 06A83499218D65E30005DD34 /* DataModel.xcdatamodeld */; };
/* End PBXBuildFile section */

/* Begin PBXFileReference section */
		06266501217A66AD00F6E487 /* Todoey.app */ = {isa = PBXFileReference; explicitFileType = wrapper.application; includeInIndex = 0; path = Todoey.app; sourceTree = BUILT_PRODUCTS_DIR; };
		06266504217A66AD00F6E487 /* AppDelegate.swift */ = {isa = PBXFileReference; lastKnownFileType = sourcecode.swift; path = AppDelegate.swift; sourceTree = "<group>"; };
		06266506217A66AD00F6E487 /* ToDoListViewController.swift */ = {isa = PBXFileReference; lastKnownFileType = sourcecode.swift; path = ToDoListViewController.swift; sourceTree = "<group>"; };
		06266509217A66AD00F6E487 /* Base */ = {isa = PBXFileReference; lastKnownFileType = file.storyboard; name = Base; path = Base.lproj/Main.storyboard; sourceTree = "<group>"; };
		0626650B217A66AF00F6E487 /* Assets.xcassets */ = {isa = PBXFileReference; lastKnownFileType = folder.assetcatalog; path = Assets.xcassets; sourceTree = "<group>"; };
		0626650E217A66AF00F6E487 /* Base */ = {isa = PBXFileReference; lastKnownFileType = file.storyboard; name = Base; path = Base.lproj/LaunchScreen.storyboard; sourceTree = "<group>"; };
		06266510217A66AF00F6E487 /* Info.plist */ = {isa = PBXFileReference; lastKnownFileType = text.plist.xml; path = Info.plist; sourceTree = "<group>"; };
		06A3A239218F918B00633A3E /* CategoryViewController.swift */ = {isa = PBXFileReference; lastKnownFileType = sourcecode.swift; path = CategoryViewController.swift; sourceTree = "<group>"; };
		06A8349A218D65E30005DD34 /* DataModel.xcdatamodel */ = {isa = PBXFileReference; lastKnownFileType = wrapper.xcdatamodel; path = DataModel.xcdatamodel; sourceTree = "<group>"; };
/* End PBXFileReference section */

/* Begin PBXFrameworksBuildPhase section */
		062664FE217A66AD00F6E487 /* Frameworks */ = {
			isa = PBXFrameworksBuildPhase;
			buildActionMask = 2147483647;
			files = (
			);
			runOnlyForDeploymentPostprocessing = 0;
		};
/* End PBXFrameworksBuildPhase section */

/* Begin PBXGroup section */
		062664F8217A66AD00F6E487 = {
			isa = PBXGroup;
			children = (
				06266503217A66AD00F6E487 /* Todoey */,
				06266502217A66AD00F6E487 /* Products */,
			);
			sourceTree = "<group>";
		};
		06266502217A66AD00F6E487 /* Products */ = {
			isa = PBXGroup;
			children = (
				06266501217A66AD00F6E487 /* Todoey.app */,
			);
			name = Products;
			sourceTree = "<group>";
		};
		06266503217A66AD00F6E487 /* Todoey */ = {
			isa = PBXGroup;
			children = (
				06266504217A66AD00F6E487 /* AppDelegate.swift */,
				06266519218BD38700F6E487 /* Controllers */,
				06266518218BD36400F6E487 /* Data Models */,
				0626651A218BD3A200F6E487 /* Views */,
				0626651B218BD3C500F6E487 /* Supporting Files */,
				06266510217A66AF00F6E487 /* Info.plist */,
			);
			path = Todoey;
			sourceTree = "<group>";
		};
		06266518218BD36400F6E487 /* Data Models */ = {
			isa = PBXGroup;
			children = (
				06A83499218D65E30005DD34 /* DataModel.xcdatamodeld */,
			);
			path = "Data Models";
			sourceTree = "<group>";
		};
		06266519218BD38700F6E487 /* Controllers */ = {
			isa = PBXGroup;
			children = (
				06A3A239218F918B00633A3E /* CategoryViewController.swift */,
				06266506217A66AD00F6E487 /* ToDoListViewController.swift */,
			);
			path = Controllers;
			sourceTree = "<group>";
		};
		0626651A218BD3A200F6E487 /* Views */ = {
			isa = PBXGroup;
			children = (
				06266508217A66AD00F6E487 /* Main.storyboard */,
			);
			path = Views;
			sourceTree = "<group>";
		};
		0626651B218BD3C500F6E487 /* Supporting Files */ = {
			isa = PBXGroup;
			children = (
				0626650B217A66AF00F6E487 /* Assets.xcassets */,
				0626650D217A66AF00F6E487 /* LaunchScreen.storyboard */,
			);
			path = "Supporting Files";
			sourceTree = "<group>";
		};
/* End PBXGroup section */

/* Begin PBXNativeTarget section */
		06266500217A66AD00F6E487 /* Todoey */ = {
			isa = PBXNativeTarget;
			buildConfigurationList = 06266513217A66AF00F6E487 /* Build configuration list for PBXNativeTarget "Todoey" */;
			buildPhases = (
				062664FD217A66AD00F6E487 /* Sources */,
				062664FE217A66AD00F6E487 /* Frameworks */,
				062664FF217A66AD00F6E487 /* Resources */,
			);
			buildRules = (
			);
			dependencies = (
			);
			name = Todoey;
			productName = Todoey;
			productReference = 06266501217A66AD00F6E487 /* Todoey.app */;
			productType = "com.apple.product-type.application";
		};
/* End PBXNativeTarget section */

/* Begin PBXProject section */
		062664F9217A66AD00F6E487 /* Project object */ = {
			isa = PBXProject;
			attributes = {
				LastSwiftUpdateCheck = 1000;
				LastUpgradeCheck = 1000;
				ORGANIZATIONNAME = g;
				TargetAttributes = {
					06266500217A66AD00F6E487 = {
						CreatedOnToolsVersion = 10.0;
					};
				};
			};
			buildConfigurationList = 062664FC217A66AD00F6E487 /* Build configuration list for PBXProject "Todoey" */;
			compatibilityVersion = "Xcode 9.3";
			developmentRegion = en;
			hasScannedForEncodings = 0;
			knownRegions = (
				en,
				Base,
			);
			mainGroup = 062664F8217A66AD00F6E487;
			productRefGroup = 06266502217A66AD00F6E487 /* Products */;
			projectDirPath = "";
			projectRoot = "";
			targets = (
				06266500217A66AD00F6E487 /* Todoey */,
			);
		};
/* End PBXProject section */

/* Begin PBXResourcesBuildPhase section */
		062664FF217A66AD00F6E487 /* Resources */ = {
			isa = PBXResourcesBuildPhase;
			buildActionMask = 2147483647;
			files = (
				0626650F217A66AF00F6E487 /* LaunchScreen.storyboard in Resources */,
				0626650C217A66AF00F6E487 /* Assets.xcassets in Resources */,
				0626650A217A66AD00F6E487 /* Main.storyboard in Resources */,
			);
			runOnlyForDeploymentPostprocessing = 0;
		};
/* End PBXResourcesBuildPhase section */

/* Begin PBXSourcesBuildPhase section */
		062664FD217A66AD00F6E487 /* Sources */ = {
			isa = PBXSourcesBuildPhase;
			buildActionMask = 2147483647;
			files = (
				06A3A23A218F918B00633A3E /* CategoryViewController.swift in Sources */,
				06266507217A66AD00F6E487 /* ToDoListViewController.swift in Sources */,
				06A8349B218D65E30005DD34 /* DataModel.xcdatamodeld in Sources */,
				06266505217A66AD00F6E487 /* AppDelegate.swift in Sources */,
			);
			runOnlyForDeploymentPostprocessing = 0;
		};
/* End PBXSourcesBuildPhase section */

/* Begin PBXVariantGroup section */
		06266508217A66AD00F6E487 /* Main.storyboard */ = {
			isa = PBXVariantGroup;
			children = (
				06266509217A66AD00F6E487 /* Base */,
			);
			name = Main.storyboard;
			sourceTree = "<group>";
		};
		0626650D217A66AF00F6E487 /* LaunchScreen.storyboard */ = {
			isa = PBXVariantGroup;
			children = (
				0626650E217A66AF00F6E487 /* Base */,
			);
			name = LaunchScreen.storyboard;
			sourceTree = "<group>";
		};
/* End PBXVariantGroup section */

/* Begin XCBuildConfiguration section */
		06266511217A66AF00F6E487 /* Debug */ = {
			isa = XCBuildConfiguration;
			buildSettings = {
				ALWAYS_SEARCH_USER_PATHS = YES;
				CLANG_ANALYZER_NONNULL = YES;
				CLANG_ANALYZER_NUMBER_OBJECT_CONVERSION = YES_AGGRESSIVE;
				CLANG_CXX_LANGUAGE_STANDARD = "gnu++14";
				CLANG_CXX_LIBRARY = "libc++";
				CLANG_ENABLE_MODULES = YES;
				CLANG_ENABLE_OBJC_ARC = YES;
				CLANG_ENABLE_OBJC_WEAK = YES;
				CLANG_WARN_BLOCK_CAPTURE_AUTORELEASING = YES;
				CLANG_WARN_BOOL_CONVERSION = YES;
				CLANG_WARN_COMMA = YES;
				CLANG_WARN_CONSTANT_CONVERSION = YES;
				CLANG_WARN_DEPRECATED_OBJC_IMPLEMENTATIONS = YES;
				CLANG_WARN_DIRECT_OBJC_ISA_USAGE = YES_ERROR;
				CLANG_WARN_DOCUMENTATION_COMMENTS = YES;
				CLANG_WARN_EMPTY_BODY = YES;
				CLANG_WARN_ENUM_CONVERSION = YES;
				CLANG_WARN_INFINITE_RECURSION = YES;
				CLANG_WARN_INT_CONVERSION = YES;
				CLANG_WARN_NON_LITERAL_NULL_CONVERSION = YES;
				CLANG_WARN_OBJC_IMPLICIT_RETAIN_SELF = YES;
				CLANG_WARN_OBJC_LITERAL_CONVERSION = YES;
				CLANG_WARN_OBJC_ROOT_CLASS = YES_ERROR;
				CLANG_WARN_RANGE_LOOP_ANALYSIS = YES;
				CLANG_WARN_STRICT_PROTOTYPES = YES;
				CLANG_WARN_SUSPICIOUS_MOVE = YES;
				CLANG_WARN_UNGUARDED_AVAILABILITY = YES_AGGRESSIVE;
				CLANG_WARN_UNREACHABLE_CODE = YES;
				CLANG_WARN__DUPLICATE_METHOD_MATCH = YES;
				CODE_SIGN_IDENTITY = "iPhone Developer";
				COPY_PHASE_STRIP = NO;
				DEBUG_INFORMATION_FORMAT = dwarf;
				ENABLE_STRICT_OBJC_MSGSEND = YES;
				ENABLE_TESTABILITY = YES;
				GCC_C_LANGUAGE_STANDARD = gnu11;
				GCC_DYNAMIC_NO_PIC = NO;
				GCC_NO_COMMON_BLOCKS = YES;
				GCC_OPTIMIZATION_LEVEL = 0;
				GCC_PREPROCESSOR_DEFINITIONS = (
					"DEBUG=1",
					"$(inherited)",
				);
				GCC_WARN_64_TO_32_BIT_CONVERSION = YES;
				GCC_WARN_ABOUT_RETURN_TYPE = YES_ERROR;
				GCC_WARN_UNDECLARED_SELECTOR = YES;
				GCC_WARN_UNINITIALIZED_AUTOS = YES_AGGRESSIVE;
				GCC_WARN_UNUSED_FUNCTION = YES;
				GCC_WARN_UNUSED_VARIABLE = YES;
				IPHONEOS_DEPLOYMENT_TARGET = 12.0;
				MTL_ENABLE_DEBUG_INFO = INCLUDE_SOURCE;
				MTL_FAST_MATH = YES;
				ONLY_ACTIVE_ARCH = YES;
				SDKROOT = iphoneos;
				SWIFT_ACTIVE_COMPILATION_CONDITIONS = DEBUG;
				SWIFT_OPTIMIZATION_LEVEL = "-Onone";
			};
			name = Debug;
		};
		06266512217A66AF00F6E487 /* Release */ = {
			isa = XCBuildConfiguration;
			buildSettings = {
				ALWAYS_SEARCH_USER_PATHS = YES;
				CLANG_ANALYZER_NONNULL = YES;
				CLANG_ANALYZER_NUMBER_OBJECT_CONVERSION = YES_AGGRESSIVE;
				CLANG_CXX_LANGUAGE_STANDARD = "gnu++14";
				CLANG_CXX_LIBRARY = "libc++";
				CLANG_ENABLE_MODULES = YES;
				CLANG_ENABLE_OBJC_ARC = YES;
				CLANG_ENABLE_OBJC_WEAK = YES;
				CLANG_WARN_BLOCK_CAPTURE_AUTORELEASING = YES;
				CLANG_WARN_BOOL_CONVERSION = YES;
				CLANG_WARN_COMMA = YES;
				CLANG_WARN_CONSTANT_CONVERSION = YES;
				CLANG_WARN_DEPRECATED_OBJC_IMPLEMENTATIONS = YES;
				CLANG_WARN_DIRECT_OBJC_ISA_USAGE = YES_ERROR;
				CLANG_WARN_DOCUMENTATION_COMMENTS = YES;
				CLANG_WARN_EMPTY_BODY = YES;
				CLANG_WARN_ENUM_CONVERSION = YES;
				CLANG_WARN_INFINITE_RECURSION = YES;
				CLANG_WARN_INT_CONVERSION = YES;
				CLANG_WARN_NON_LITERAL_NULL_CONVERSION = YES;
				CLANG_WARN_OBJC_IMPLICIT_RETAIN_SELF = YES;
				CLANG_WARN_OBJC_LITERAL_CONVERSION = YES;
				CLANG_WARN_OBJC_ROOT_CLASS = YES_ERROR;
				CLANG_WARN_RANGE_LOOP_ANALYSIS = YES;
				CLANG_WARN_STRICT_PROTOTYPES = YES;
				CLANG_WARN_SUSPICIOUS_MOVE = YES;
				CLANG_WARN_UNGUARDED_AVAILABILITY = YES_AGGRESSIVE;
				CLANG_WARN_UNREACHABLE_CODE = YES;
				CLANG_WARN__DUPLICATE_METHOD_MATCH = YES;
				CODE_SIGN_IDENTITY = "iPhone Developer";
				COPY_PHASE_STRIP = NO;
				DEBUG_INFORMATION_FORMAT = "dwarf-with-dsym";
				ENABLE_NS_ASSERTIONS = NO;
				ENABLE_STRICT_OBJC_MSGSEND = YES;
				GCC_C_LANGUAGE_STANDARD = gnu11;
				GCC_NO_COMMON_BLOCKS = YES;
				GCC_WARN_64_TO_32_BIT_CONVERSION = YES;
				GCC_WARN_ABOUT_RETURN_TYPE = YES_ERROR;
				GCC_WARN_UNDECLARED_SELECTOR = YES;
				GCC_WARN_UNINITIALIZED_AUTOS = YES_AGGRESSIVE;
				GCC_WARN_UNUSED_FUNCTION = YES;
				GCC_WARN_UNUSED_VARIABLE = YES;
				IPHONEOS_DEPLOYMENT_TARGET = 12.0;
				MTL_ENABLE_DEBUG_INFO = NO;
				MTL_FAST_MATH = YES;
				SDKROOT = iphoneos;
				SWIFT_COMPILATION_MODE = wholemodule;
				SWIFT_OPTIMIZATION_LEVEL = "-O";
				VALIDATE_PRODUCT = YES;
			};
			name = Release;
		};
		06266514217A66AF00F6E487 /* Debug */ = {
			isa = XCBuildConfiguration;
			buildSettings = {
				ASSETCATALOG_COMPILER_APPICON_NAME = AppIcon;
				CODE_SIGN_STYLE = Automatic;
				DEVELOPMENT_TEAM = 692J4U976W;
				INFOPLIST_FILE = Todoey/Info.plist;
				LD_RUNPATH_SEARCH_PATHS = (
					"$(inherited)",
					"@executable_path/Frameworks",
				);
				PRODUCT_BUNDLE_IDENTIFIER = com.gelareh.Todoey;
				PRODUCT_NAME = "$(TARGET_NAME)";
				SWIFT_VERSION = 4.2;
				TARGETED_DEVICE_FAMILY = "1,2";
			};
			name = Debug;
		};
		06266515217A66AF00F6E487 /* Release */ = {
			isa = XCBuildConfiguration;
			buildSettings = {
				ASSETCATALOG_COMPILER_APPICON_NAME = AppIcon;
				CODE_SIGN_STYLE = Automatic;
				DEVELOPMENT_TEAM = 692J4U976W;
				INFOPLIST_FILE = Todoey/Info.plist;
				LD_RUNPATH_SEARCH_PATHS = (
					"$(inherited)",
					"@executable_path/Frameworks",
				);
				PRODUCT_BUNDLE_IDENTIFIER = com.gelareh.Todoey;
				PRODUCT_NAME = "$(TARGET_NAME)";
				SWIFT_VERSION = 4.2;
				TARGETED_DEVICE_FAMILY = "1,2";
			};
			name = Release;
		};
/* End XCBuildConfiguration section */

/* Begin XCConfigurationList section */
		062664FC217A66AD00F6E487 /* Build configuration list for PBXProject "Todoey" */ = {
			isa = XCConfigurationList;
			buildConfigurations = (
				06266511217A66AF00F6E487 /* Debug */,
				06266512217A66AF00F6E487 /* Release */,
			);
			defaultConfigurationIsVisible = 0;
			defaultConfigurationName = Release;
		};
		06266513217A66AF00F6E487 /* Build configuration list for PBXNativeTarget "Todoey" */ = {
			isa = XCConfigurationList;
			buildConfigurations = (
				06266514217A66AF00F6E487 /* Debug */,
				06266515217A66AF00F6E487 /* Release */,
			);
			defaultConfigurationIsVisible = 0;
			defaultConfigurationName = Release;
		};
/* End XCConfigurationList section */

/* Begin XCVersionGroup section */
		06A83499218D65E30005DD34 /* DataModel.xcdatamodeld */ = {
			isa = XCVersionGroup;
			children = (
				06A8349A218D65E30005DD34 /* DataModel.xcdatamodel */,
			);
			currentVersion = 06A8349A218D65E30005DD34 /* DataModel.xcdatamodel */;
			path = DataModel.xcdatamodeld;
			sourceTree = "<group>";
			versionGroupType = wrapper.xcdatamodel;
		};
/* End XCVersionGroup section */
	};
	rootObject = 062664F9217A66AD00F6E487 /* Project object */;
}
